{
  "lock_version": 2,
  "name": "shop",
  "repo": "git@github.com:acme/shop.git",
  "commit": "0123456789ab",
  "toml_path": "bay.toml",
  "envs": {
    "production": {
      "box": "eu-1",
      "adopted": {
        "database": "shop_prod",
        "role": "shop_app",
        "volumes": {"data": "shop_data"},
        "images": {"web": "registry.example.com/minfleet/shop-web:latest"}
      }
    },
    "staging": {
      "box": "eu-1"
    }
  }
}
